// !$*UTF8*$!
{
	archiveVersion = 1;
	classes = {
	};
	objectVersion = 50;
	objects = {

/* Begin PBXBuildFile section */
		671D686724DBE3CB004FDEAC /* AppDelegate.swift in Sources */ = {isa = PBXBuildFile; fileRef = 671D686624DBE3CB004FDEAC /* AppDelegate.swift */; };
		671D686924DBE3CB004FDEAC /* SceneDelegate.swift in Sources */ = {isa = PBXBuildFile; fileRef = 671D686824DBE3CB004FDEAC /* SceneDelegate.swift */; };
		671D686B24DBE3CB004FDEAC /* ViewController.swift in Sources */ = {isa = PBXBuildFile; fileRef = 671D686A24DBE3CB004FDEAC /* ViewController.swift */; };
		671D686E24DBE3CB004FDEAC /* Main.storyboard in Resources */ = {isa = PBXBuildFile; fileRef = 671D686C24DBE3CB004FDEAC /* Main.storyboard */; };
		671D687024DBE3D0004FDEAC /* Assets.xcassets in Resources */ = {isa = PBXBuildFile; fileRef = 671D686F24DBE3D0004FDEAC /* Assets.xcassets */; };
		671D687324DBE3D0004FDEAC /* LaunchScreen.storyboard in Resources */ = {isa = PBXBuildFile; fileRef = 671D687124DBE3D0004FDEAC /* LaunchScreen.storyboard */; };
/* End PBXBuildFile section */

/* Begin PBXFileReference section */
		671D686324DBE3CB004FDEAC /* PokerApp1.app */ = {isa = PBXFileReference; explicitFileType = wrapper.application; includeInIndex = 0; path = PokerApp1.app; sourceTree = BUILT_PRODUCTS_DIR; };
		671D686624DBE3CB004FDEAC /* AppDelegate.swift */ = {isa = PBXFileReference; lastKnownFileType = sourcecode.swift; path = AppDelegate.swift; sourceTree = "<group>"; };
		671D686824DBE3CB004FDEAC /* SceneDelegate.swift */ = {isa = PBXFileReference; lastKnownFileType = sourcecode.swift; path = SceneDelegate.swift; sourceTree = "<group>"; };
		671D686A24DBE3CB004FDEAC /* ViewController.swift */ = {isa = PBXFileReference; lastKnownFileType = sourcecode.swift; path = ViewController.swift; sourceTree = "<group>"; };
		671D686D24DBE3CB004FDEAC /* Base */ = {isa = PBXFileReference; lastKnownFileType = file.storyboard; name = Base; path = Base.lproj/Main.storyboard; sourceTree = "<group>"; };
		671D686F24DBE3D0004FDEAC /* Assets.xcassets */ = {isa = PBXFileReference; lastKnownFileType = folder.assetcatalog; path = Assets.xcassets; sourceTree = "<group>"; };
		671D687224DBE3D0004FDEAC /* Base */ = {isa = PBXFileReference; lastKnownFileType = file.storyboard; name = Base; path = Base.lproj/LaunchScreen.storyboard; sourceTree = "<group>"; };
		671D687424DBE3D0004FDEAC /* Info.plist */ = {isa = PBXFileReference; lastKnownFileType = text.plist.xml; path = Info.plist; sourceTree = "<group>"; };
/* End PBXFileReference section */

/* Begin PBXFrameworksBuildPhase section */
		671D686024DBE3CB004FDEAC /* Frameworks */ = {
			isa = PBXFrameworksBuildPhase;
			buildActionMask = 2147483647;
			files = (
			);
			runOnlyForDeploymentPostprocessing = 0;
		};
/* End PBXFrameworksBuildPhase section */

/* Begin PBXGroup section */
		671D685A24DBE3CB004FDEAC = {
			isa = PBXGroup;
			children = (
				671D686524DBE3CB004FDEAC /* PokerApp1 */,
				671D686424DBE3CB004FDEAC /* Products */,
			);
			sourceTree = "<group>";
		};
		671D686424DBE3CB004FDEAC /* Products */ = {
			isa = PBXGroup;
			children = (
				671D686324DBE3CB004FDEAC /* PokerApp1.app */,
			);
			name = Products;
			sourceTree = "<group>";
		};
		671D686524DBE3CB004FDEAC /* PokerApp1 */ = {
			isa = PBXGroup;
			children = (
				671D686624DBE3CB004FDEAC /* AppDelegate.swift */,
				671D686824DBE3CB004FDEAC /* SceneDelegate.swift */,
				671D686A24DBE3CB004FDEAC /* ViewController.swift */,
				671D686C24DBE3CB004FDEAC /* Main.storyboard */,
				671D686F24DBE3D0004FDEAC /* Assets.xcassets */,
				671D687124DBE3D0004FDEAC /* LaunchScreen.storyboard */,
				671D687424DBE3D0004FDEAC /* Info.plist */,
			);
			path = PokerApp1;
			sourceTree = "<group>";
		};
/* End PBXGroup section */

/* Begin PBXNativeTarget section */
		671D686224DBE3CB004FDEAC /* PokerApp1 */ = {
			isa = PBXNativeTarget;
			buildConfigurationList = 671D687724DBE3D0004FDEAC /* Build configuration list for PBXNativeTarget "PokerApp1" */;
			buildPhases = (
				671D685F24DBE3CB004FDEAC /* Sources */,
				671D686024DBE3CB004FDEAC /* Frameworks */,
				671D686124DBE3CB004FDEAC /* Resources */,
			);
			buildRules = (
			);
			dependencies = (
			);
			name = PokerApp1;
			productName = PokerApp1;
			productReference = 671D686324DBE3CB004FDEAC /* PokerApp1.app */;
			productType = "com.apple.product-type.application";
		};
/* End PBXNativeTarget section */

/* Begin PBXProject section */
		671D685B24DBE3CB004FDEAC /* Project object */ = {
			isa = PBXProject;
			attributes = {
				LastSwiftUpdateCheck = 1160;
				LastUpgradeCheck = 1160;
				ORGANIZATIONNAME = "Oleg Eremenko";
				TargetAttributes = {
					671D686224DBE3CB004FDEAC = {
						CreatedOnToolsVersion = 11.6;
					};
				};
			};
			buildConfigurationList = 671D685E24DBE3CB004FDEAC /* Build configuration list for PBXProject "PokerApp1" */;
			compatibilityVersion = "Xcode 9.3";
			developmentRegion = en;
			hasScannedForEncodings = 0;
			knownRegions = (
				en,
				Base,
			);
			mainGroup = 671D685A24DBE3CB004FDEAC;
			productRefGroup = 671D686424DBE3CB004FDEAC /* Products */;
			projectDirPath = "";
			projectRoot = "";
			targets = (
				671D686224DBE3CB004FDEAC /* PokerApp1 */,
			);
		};
/* End PBXProject section */

/* Begin PBXResourcesBuildPhase section */
		671D686124DBE3CB004FDEAC /* Resources */ = {
			isa = PBXResourcesBuildPhase;
			buildActionMask = 2147483647;
			files = (
				671D687324DBE3D0004FDEAC /* LaunchScreen.storyboard in Resources */,
				671D687024DBE3D0004FDEAC /* Assets.xcassets in Resources */,
				671D686E24DBE3CB004FDEAC /* Main.storyboard in Resources */,
			);
			runOnlyForDeploymentPostprocessing = 0;
		};
/* End PBXResourcesBuildPhase section */

/* Begin PBXSourcesBuildPhase section */
		671D685F24DBE3CB004FDEAC /* Sources */ = {
			isa = PBXSourcesBuildPhase;
			buildActionMask = 2147483647;
			files = (
				671D686B24DBE3CB004FDEAC /* ViewController.swift in Sources */,
				671D686724DBE3CB004FDEAC /* AppDelegate.swift in Sources */,
				671D686924DBE3CB004FDEAC /* SceneDelegate.swift in Sources */,
			);
			runOnlyForDeploymentPostprocessing = 0;
		};
/* End PBXSourcesBuildPhase section */

/* Begin PBXVariantGroup section */
		671D686C24DBE3CB004FDEAC /* Main.storyboard */ = {
			isa = PBXVariantGroup;
			children = (
				671D686D24DBE3CB004FDEAC /* Base */,
			);
			name = Main.storyboard;
			sourceTree = "<group>";
		};
		671D687124DBE3D0004FDEAC /* LaunchScreen.storyboard */ = {
			isa = PBXVariantGroup;
			children = (
				671D687224DBE3D0004FDEAC /* Base */,
			);
			name = LaunchScreen.storyboard;
			sourceTree = "<group>";
		};
/* End PBXVariantGroup section */

/* Begin XCBuildConfiguration section */
		671D687524DBE3D0004FDEAC /* Debug */ = {
			isa = XCBuildConfiguration;
			buildSettings = {
				ALWAYS_SEARCH_USER_PATHS = NO;
				CLANG_ANALYZER_NONNULL = YES;
				CLANG_ANALYZER_NUMBER_OBJECT_CONVERSION = YES_AGGRESSIVE;
				CLANG_CXX_LANGUAGE_STANDARD = "gnu++14";
				CLANG_CXX_LIBRARY = "libc++";
				CLANG_ENABLE_MODULES = YES;
				CLANG_ENABLE_OBJC_ARC = YES;
				CLANG_ENABLE_OBJC_WEAK = YES;
				CLANG_WARN_BLOCK_CAPTURE_AUTORELEASING = YES;
				CLANG_WARN_BOOL_CONVERSION = YES;
				CLANG_WARN_COMMA = YES;
				CLANG_WARN_CONSTANT_CONVERSION = YES;
				CLANG_WARN_DEPRECATED_OBJC_IMPLEMENTATIONS = YES;
				CLANG_WARN_DIRECT_OBJC_ISA_USAGE = YES_ERROR;
				CLANG_WARN_DOCUMENTATION_COMMENTS = YES;
				CLANG_WARN_EMPTY_BODY = YES;
				CLANG_WARN_ENUM_CONVERSION = YES;
				CLANG_WARN_INFINITE_RECURSION = YES;
				CLANG_WARN_INT_CONVERSION = YES;
				CLANG_WARN_NON_LITERAL_NULL_CONVERSION = YES;
				CLANG_WARN_OBJC_IMPLICIT_RETAIN_SELF = YES;
				CLANG_WARN_OBJC_LITERAL_CONVERSION = YES;
				CLANG_WARN_OBJC_ROOT_CLASS = YES_ERROR;
				CLANG_WARN_RANGE_LOOP_ANALYSIS = YES;
				CLANG_WARN_STRICT_PROTOTYPES = YES;
				CLANG_WARN_SUSPICIOUS_MOVE = YES;
				CLANG_WARN_UNGUARDED_AVAILABILITY = YES_AGGRESSIVE;
				CLANG_WARN_UNREACHABLE_CODE = YES;
				CLANG_WARN__DUPLICATE_METHOD_MATCH = YES;
				COPY_PHASE_STRIP = NO;
				DEBUG_INFORMATION_FORMAT = dwarf;
				ENABLE_STRICT_OBJC_MSGSEND = YES;
				ENABLE_TESTABILITY = YES;
				GCC_C_LANGUAGE_STANDARD = gnu11;
				GCC_DYNAMIC_NO_PIC = NO;
				GCC_NO_COMMON_BLOCKS = YES;
				GCC_OPTIMIZATION_LEVEL = 0;
				GCC_PREPROCESSOR_DEFINITIONS = (
					"DEBUG=1",
					"$(inherited)",
				);
				GCC_WARN_64_TO_32_BIT_CONVERSION = YES;
				GCC_WARN_ABOUT_RETURN_TYPE = YES_ERROR;
				GCC_WARN_UNDECLARED_SELECTOR = YES;
				GCC_WARN_UNINITIALIZED_AUTOS = YES_AGGRESSIVE;
				GCC_WARN_UNUSED_FUNCTION = YES;
				GCC_WARN_UNUSED_VARIABLE = YES;
				IPHONEOS_DEPLOYMENT_TARGET = 13.6;
				MTL_ENABLE_DEBUG_INFO = INCLUDE_SOURCE;
				MTL_FAST_MATH = YES;
				ONLY_ACTIVE_ARCH = YES;
				SDKROOT = iphoneos;
				SWIFT_ACTIVE_COMPILATION_CONDITIONS = DEBUG;
				SWIFT_OPTIMIZATION_LEVEL = "-Onone";
			};
			name = Debug;
		};
		671D687624DBE3D0004FDEAC /* Release */ = {
			isa = XCBuildConfiguration;
			buildSettings = {
				ALWAYS_SEARCH_USER_PATHS = NO;
				CLANG_ANALYZER_NONNULL = YES;
				CLANG_ANALYZER_NUMBER_OBJECT_CONVERSION = YES_AGGRESSIVE;
				CLANG_CXX_LANGUAGE_STANDARD = "gnu++14";
				CLANG_CXX_LIBRARY = "libc++";
				CLANG_ENABLE_MODULES = YES;
				CLANG_ENABLE_OBJC_ARC = YES;
				CLANG_ENABLE_OBJC_WEAK = YES;
				CLANG_WARN_BLOCK_CAPTURE_AUTORELEASING = YES;
				CLANG_WARN_BOOL_CONVERSION = YES;
				CLANG_WARN_COMMA = YES;
				CLANG_WARN_CONSTANT_CONVERSION = YES;
				CLANG_WARN_DEPRECATED_OBJC_IMPLEMENTATIONS = YES;
				CLANG_WARN_DIRECT_OBJC_ISA_USAGE = YES_ERROR;
				CLANG_WARN_DOCUMENTATION_COMMENTS = YES;
				CLANG_WARN_EMPTY_BODY = YES;
				CLANG_WARN_ENUM_CONVERSION = YES;
				CLANG_WARN_INFINITE_RECURSION = YES;
				CLANG_WARN_INT_CONVERSION = YES;
				CLANG_WARN_NON_LITERAL_NULL_CONVERSION = YES;
				CLANG_WARN_OBJC_IMPLICIT_RETAIN_SELF = YES;
				CLANG_WARN_OBJC_LITERAL_CONVERSION = YES;
				CLANG_WARN_OBJC_ROOT_CLASS = YES_ERROR;
				CLANG_WARN_RANGE_LOOP_ANALYSIS = YES;
				CLANG_WARN_STRICT_PROTOTYPES = YES;
				CLANG_WARN_SUSPICIOUS_MOVE = YES;
				CLANG_WARN_UNGUARDED_AVAILABILITY = YES_AGGRESSIVE;
				CLANG_WARN_UNREACHABLE_CODE = YES;
				CLANG_WARN__DUPLICATE_METHOD_MATCH = YES;
				COPY_PHASE_STRIP = NO;
				DEBUG_INFORMATION_FORMAT = "dwarf-with-dsym";
				ENABLE_NS_ASSERTIONS = NO;
				ENABLE_STRICT_OBJC_MSGSEND = YES;
				GCC_C_LANGUAGE_STANDARD = gnu11;
				GCC_NO_COMMON_BLOCKS = YES;
				GCC_WARN_64_TO_32_BIT_CONVERSION = YES;
				GCC_WARN_ABOUT_RETURN_TYPE = YES_ERROR;
				GCC_WARN_UNDECLARED_SELECTOR = YES;
				GCC_WARN_UNINITIALIZED_AUTOS = YES_AGGRESSIVE;
				GCC_WARN_UNUSED_FUNCTION = YES;
				GCC_WARN_UNUSED_VARIABLE = YES;
				IPHONEOS_DEPLOYMENT_TARGET = 13.6;
				MTL_ENABLE_DEBUG_INFO = NO;
				MTL_FAST_MATH = YES;
				SDKROOT = iphoneos;
				SWIFT_COMPILATION_MODE = wholemodule;
				SWIFT_OPTIMIZATION_LEVEL = "-O";
				VALIDATE_PRODUCT = YES;
			};
			name = Release;
		};
		671D687824DBE3D0004FDEAC /* Debug */ = {
			isa = XCBuildConfiguration;
			buildSettings = {
				ASSETCATALOG_COMPILER_APPICON_NAME = AppIcon;
				CODE_SIGN_STYLE = Automatic;
				DEVELOPMENT_TEAM = 3PHS45582J;
				INFOPLIST_FILE = PokerApp1/Info.plist;
				LD_RUNPATH_SEARCH_PATHS = (
					"$(inherited)",
					"@executable_path/Frameworks",
				);
				PRODUCT_BUNDLE_IDENTIFIER = com.oleg991.PokerApp1;
				PRODUCT_NAME = "$(TARGET_NAME)";
				SWIFT_VERSION = 5.0;
				TARGETED_DEVICE_FAMILY = "1,2";
			};
			name = Debug;
		};
		671D687924DBE3D0004FDEAC /* Release */ = {
			isa = XCBuildConfiguration;
			buildSettings = {
				ASSETCATALOG_COMPILER_APPICON_NAME = AppIcon;
				CODE_SIGN_STYLE = Automatic;
				DEVELOPMENT_TEAM = 3PHS45582J;
				INFOPLIST_FILE = PokerApp1/Info.plist;
				LD_RUNPATH_SEARCH_PATHS = (
					"$(inherited)",
					"@executable_path/Frameworks",
				);
				PRODUCT_BUNDLE_IDENTIFIER = com.oleg991.PokerApp1;
				PRODUCT_NAME = "$(TARGET_NAME)";
				SWIFT_VERSION = 5.0;
				TARGETED_DEVICE_FAMILY = "1,2";
			};
			name = Release;
		};
/* End XCBuildConfiguration section */

/* Begin XCConfigurationList section */
		671D685E24DBE3CB004FDEAC /* Build configuration list for PBXProject "PokerApp1" */ = {
			isa = XCConfigurationList;
			buildConfigurations = (
				671D687524DBE3D0004FDEAC /* Debug */,
				671D687624DBE3D0004FDEAC /* Release */,
			);
			defaultConfigurationIsVisible = 0;
			defaultConfigurationName = Release;
		};
		671D687724DBE3D0004FDEAC /* Build configuration list for PBXNativeTarget "PokerApp1" */ = {
			isa = XCConfigurationList;
			buildConfigurations = (
				671D687824DBE3D0004FDEAC /* Debug */,
				671D687924DBE3D0004FDEAC /* Release */,
			);
			defaultConfigurationIsVisible = 0;
			defaultConfigurationName = Release;
		};
/* End XCConfigurationList section */
	};
	rootObject = 671D685B24DBE3CB004FDEAC /* Project object */;
}
