// !$*UTF8*$!
{
	archiveVersion = 1;
	classes = {
	};
	objectVersion = 51;
	objects = {

/* Begin PBXBuildFile section */
		50DFBE5225CE345228F196D7 /* Pods_PokerApp1.framework in Frameworks */ = {isa = PBXBuildFile; fileRef = 4D8B8B4F9F790D70A3C0D3AE /* Pods_PokerApp1.framework */; };
		671D686724DBE3CB004FDEAC /* AppDelegate.swift in Sources */ = {isa = PBXBuildFile; fileRef = 671D686624DBE3CB004FDEAC /* AppDelegate.swift */; };
		671D686924DBE3CB004FDEAC /* SceneDelegate.swift in Sources */ = {isa = PBXBuildFile; fileRef = 671D686824DBE3CB004FDEAC /* SceneDelegate.swift */; };
		671D686B24DBE3CB004FDEAC /* NewsVC.swift in Sources */ = {isa = PBXBuildFile; fileRef = 671D686A24DBE3CB004FDEAC /* NewsVC.swift */; };
		671D686E24DBE3CB004FDEAC /* Main.storyboard in Resources */ = {isa = PBXBuildFile; fileRef = 671D686C24DBE3CB004FDEAC /* Main.storyboard */; };
		671D687024DBE3D0004FDEAC /* Assets.xcassets in Resources */ = {isa = PBXBuildFile; fileRef = 671D686F24DBE3D0004FDEAC /* Assets.xcassets */; };
		671D687324DBE3D0004FDEAC /* LaunchScreen.storyboard in Resources */ = {isa = PBXBuildFile; fileRef = 671D687124DBE3D0004FDEAC /* LaunchScreen.storyboard */; };
		671D687B24DBE3EC004FDEAC /* News.json in Resources */ = {isa = PBXBuildFile; fileRef = 671D687A24DBE3EC004FDEAC /* News.json */; };
		671D687F24DBF46E004FDEAC /* ArticlesVC.swift in Sources */ = {isa = PBXBuildFile; fileRef = 671D687E24DBF46E004FDEAC /* ArticlesVC.swift */; };
		671D688324DBF49E004FDEAC /* ArticleDetailsVC.swift in Sources */ = {isa = PBXBuildFile; fileRef = 671D688224DBF49E004FDEAC /* ArticleDetailsVC.swift */; };
		671D688624DBF4BF004FDEAC /* VideoLessonsVC.swift in Sources */ = {isa = PBXBuildFile; fileRef = 671D688524DBF4BF004FDEAC /* VideoLessonsVC.swift */; };
		671D688924DBF4E2004FDEAC /* PlayVideoVC.swift in Sources */ = {isa = PBXBuildFile; fileRef = 671D688824DBF4E2004FDEAC /* PlayVideoVC.swift */; };
		671D688B24DBF4F2004FDEAC /* VideoCell.swift in Sources */ = {isa = PBXBuildFile; fileRef = 671D688A24DBF4F2004FDEAC /* VideoCell.swift */; };
		671D688D24DBF506004FDEAC /* ArticleCell.swift in Sources */ = {isa = PBXBuildFile; fileRef = 671D688C24DBF506004FDEAC /* ArticleCell.swift */; };
		671D688F24DBF518004FDEAC /* NewsCell.swift in Sources */ = {isa = PBXBuildFile; fileRef = 671D688E24DBF518004FDEAC /* NewsCell.swift */; };
		671D689224DBF533004FDEAC /* IntercomVC.swift in Sources */ = {isa = PBXBuildFile; fileRef = 671D689124DBF533004FDEAC /* IntercomVC.swift */; };
		671D689524DBF547004FDEAC /* MoreVC.swift in Sources */ = {isa = PBXBuildFile; fileRef = 671D689424DBF547004FDEAC /* MoreVC.swift */; };
		671D689924DC6E9E004FDEAC /* DataLoader.swift in Sources */ = {isa = PBXBuildFile; fileRef = 671D689824DC6E9E004FDEAC /* DataLoader.swift */; };
		671D689B24DC6EA4004FDEAC /* News.swift in Sources */ = {isa = PBXBuildFile; fileRef = 671D689A24DC6EA4004FDEAC /* News.swift */; };
		671D689D24DC6F24004FDEAC /* Article.swift in Sources */ = {isa = PBXBuildFile; fileRef = 671D689C24DC6F24004FDEAC /* Article.swift */; };
		671D689F24DC6F2A004FDEAC /* Video.swift in Sources */ = {isa = PBXBuildFile; fileRef = 671D689E24DC6F2A004FDEAC /* Video.swift */; };
		671D68A124DC74D0004FDEAC /* UIView_Extension.swift in Sources */ = {isa = PBXBuildFile; fileRef = 671D68A024DC74D0004FDEAC /* UIView_Extension.swift */; };
		671D68A424DC772C004FDEAC /* NewsBodyVC.swift in Sources */ = {isa = PBXBuildFile; fileRef = 671D68A324DC772C004FDEAC /* NewsBodyVC.swift */; };
		671D68A624DD302E004FDEAC /* Articles.json in Resources */ = {isa = PBXBuildFile; fileRef = 671D68A524DD302E004FDEAC /* Articles.json */; };
		671D68A824DD7672004FDEAC /* UIButton_Extension.swift in Sources */ = {isa = PBXBuildFile; fileRef = 671D68A724DD7672004FDEAC /* UIButton_Extension.swift */; };
		671D68AA24DD76F7004FDEAC /* UIColor_Extension.swift in Sources */ = {isa = PBXBuildFile; fileRef = 671D68A924DD76F7004FDEAC /* UIColor_Extension.swift */; };
		671D68AC24DD7710004FDEAC /* UILabel_Extension.swift in Sources */ = {isa = PBXBuildFile; fileRef = 671D68AB24DD7710004FDEAC /* UILabel_Extension.swift */; };
		671D68AE24DDC30C004FDEAC /* Videos.json in Resources */ = {isa = PBXBuildFile; fileRef = 671D68AD24DDC30C004FDEAC /* Videos.json */; };
		671D68B024DDCF77004FDEAC /* OnboardingUDcheck.swift in Sources */ = {isa = PBXBuildFile; fileRef = 671D68AF24DDCF77004FDEAC /* OnboardingUDcheck.swift */; };
/* End PBXBuildFile section */

/* Begin PBXFileReference section */
		4B15E59D6E7CE86C01BA9940 /* Pods-PokerApp1.release.xcconfig */ = {isa = PBXFileReference; includeInIndex = 1; lastKnownFileType = text.xcconfig; name = "Pods-PokerApp1.release.xcconfig"; path = "Target Support Files/Pods-PokerApp1/Pods-PokerApp1.release.xcconfig"; sourceTree = "<group>"; };
		4D8B8B4F9F790D70A3C0D3AE /* Pods_PokerApp1.framework */ = {isa = PBXFileReference; explicitFileType = wrapper.framework; includeInIndex = 0; path = Pods_PokerApp1.framework; sourceTree = BUILT_PRODUCTS_DIR; };
		671D686324DBE3CB004FDEAC /* Poker Guide.app */ = {isa = PBXFileReference; explicitFileType = wrapper.application; includeInIndex = 0; path = "Poker Guide.app"; sourceTree = BUILT_PRODUCTS_DIR; };
		671D686624DBE3CB004FDEAC /* AppDelegate.swift */ = {isa = PBXFileReference; lastKnownFileType = sourcecode.swift; path = AppDelegate.swift; sourceTree = "<group>"; };
		671D686824DBE3CB004FDEAC /* SceneDelegate.swift */ = {isa = PBXFileReference; lastKnownFileType = sourcecode.swift; path = SceneDelegate.swift; sourceTree = "<group>"; };
		671D686A24DBE3CB004FDEAC /* NewsVC.swift */ = {isa = PBXFileReference; lastKnownFileType = sourcecode.swift; path = NewsVC.swift; sourceTree = "<group>"; };
		671D686D24DBE3CB004FDEAC /* Base */ = {isa = PBXFileReference; lastKnownFileType = file.storyboard; name = Base; path = Base.lproj/Main.storyboard; sourceTree = "<group>"; };
		671D686F24DBE3D0004FDEAC /* Assets.xcassets */ = {isa = PBXFileReference; lastKnownFileType = folder.assetcatalog; path = Assets.xcassets; sourceTree = "<group>"; };
		671D687224DBE3D0004FDEAC /* Base */ = {isa = PBXFileReference; lastKnownFileType = file.storyboard; name = Base; path = Base.lproj/LaunchScreen.storyboard; sourceTree = "<group>"; };
		671D687424DBE3D0004FDEAC /* Info.plist */ = {isa = PBXFileReference; lastKnownFileType = text.plist.xml; path = Info.plist; sourceTree = "<group>"; };
		671D687A24DBE3EC004FDEAC /* News.json */ = {isa = PBXFileReference; fileEncoding = 4; lastKnownFileType = text.json; path = News.json; sourceTree = "<group>"; };
		671D687E24DBF46E004FDEAC /* ArticlesVC.swift */ = {isa = PBXFileReference; lastKnownFileType = sourcecode.swift; path = ArticlesVC.swift; sourceTree = "<group>"; };
		671D688224DBF49E004FDEAC /* ArticleDetailsVC.swift */ = {isa = PBXFileReference; lastKnownFileType = sourcecode.swift; path = ArticleDetailsVC.swift; sourceTree = "<group>"; };
		671D688524DBF4BF004FDEAC /* VideoLessonsVC.swift */ = {isa = PBXFileReference; lastKnownFileType = sourcecode.swift; path = VideoLessonsVC.swift; sourceTree = "<group>"; };
		671D688824DBF4E2004FDEAC /* PlayVideoVC.swift */ = {isa = PBXFileReference; lastKnownFileType = sourcecode.swift; path = PlayVideoVC.swift; sourceTree = "<group>"; };
		671D688A24DBF4F2004FDEAC /* VideoCell.swift */ = {isa = PBXFileReference; lastKnownFileType = sourcecode.swift; path = VideoCell.swift; sourceTree = "<group>"; };
		671D688C24DBF506004FDEAC /* ArticleCell.swift */ = {isa = PBXFileReference; lastKnownFileType = sourcecode.swift; path = ArticleCell.swift; sourceTree = "<group>"; };
		671D688E24DBF518004FDEAC /* NewsCell.swift */ = {isa = PBXFileReference; lastKnownFileType = sourcecode.swift; path = NewsCell.swift; sourceTree = "<group>"; };
		671D689124DBF533004FDEAC /* IntercomVC.swift */ = {isa = PBXFileReference; lastKnownFileType = sourcecode.swift; path = IntercomVC.swift; sourceTree = "<group>"; };
		671D689424DBF547004FDEAC /* MoreVC.swift */ = {isa = PBXFileReference; lastKnownFileType = sourcecode.swift; path = MoreVC.swift; sourceTree = "<group>"; };
		671D689824DC6E9E004FDEAC /* DataLoader.swift */ = {isa = PBXFileReference; lastKnownFileType = sourcecode.swift; path = DataLoader.swift; sourceTree = "<group>"; };
		671D689A24DC6EA4004FDEAC /* News.swift */ = {isa = PBXFileReference; lastKnownFileType = sourcecode.swift; path = News.swift; sourceTree = "<group>"; };
		671D689C24DC6F24004FDEAC /* Article.swift */ = {isa = PBXFileReference; lastKnownFileType = sourcecode.swift; path = Article.swift; sourceTree = "<group>"; };
		671D689E24DC6F2A004FDEAC /* Video.swift */ = {isa = PBXFileReference; lastKnownFileType = sourcecode.swift; path = Video.swift; sourceTree = "<group>"; };
		671D68A024DC74D0004FDEAC /* UIView_Extension.swift */ = {isa = PBXFileReference; lastKnownFileType = sourcecode.swift; path = UIView_Extension.swift; sourceTree = "<group>"; };
		671D68A324DC772C004FDEAC /* NewsBodyVC.swift */ = {isa = PBXFileReference; lastKnownFileType = sourcecode.swift; path = NewsBodyVC.swift; sourceTree = "<group>"; };
		671D68A524DD302E004FDEAC /* Articles.json */ = {isa = PBXFileReference; lastKnownFileType = text.json; path = Articles.json; sourceTree = "<group>"; };
		671D68A724DD7672004FDEAC /* UIButton_Extension.swift */ = {isa = PBXFileReference; lastKnownFileType = sourcecode.swift; path = UIButton_Extension.swift; sourceTree = "<group>"; };
		671D68A924DD76F7004FDEAC /* UIColor_Extension.swift */ = {isa = PBXFileReference; lastKnownFileType = sourcecode.swift; path = UIColor_Extension.swift; sourceTree = "<group>"; };
		671D68AB24DD7710004FDEAC /* UILabel_Extension.swift */ = {isa = PBXFileReference; lastKnownFileType = sourcecode.swift; path = UILabel_Extension.swift; sourceTree = "<group>"; };
		671D68AD24DDC30C004FDEAC /* Videos.json */ = {isa = PBXFileReference; lastKnownFileType = text.json; path = Videos.json; sourceTree = "<group>"; };
		671D68AF24DDCF77004FDEAC /* OnboardingUDcheck.swift */ = {isa = PBXFileReference; lastKnownFileType = sourcecode.swift; path = OnboardingUDcheck.swift; sourceTree = "<group>"; };
		E5FFD43C20D18EC59112BE05 /* Pods-PokerApp1.debug.xcconfig */ = {isa = PBXFileReference; includeInIndex = 1; lastKnownFileType = text.xcconfig; name = "Pods-PokerApp1.debug.xcconfig"; path = "Target Support Files/Pods-PokerApp1/Pods-PokerApp1.debug.xcconfig"; sourceTree = "<group>"; };
/* End PBXFileReference section */

/* Begin PBXFrameworksBuildPhase section */
		671D686024DBE3CB004FDEAC /* Frameworks */ = {
			isa = PBXFrameworksBuildPhase;
			buildActionMask = 2147483647;
			files = (
				50DFBE5225CE345228F196D7 /* Pods_PokerApp1.framework in Frameworks */,
			);
			runOnlyForDeploymentPostprocessing = 0;
		};
/* End PBXFrameworksBuildPhase section */

/* Begin PBXGroup section */
		6708662A251BE830006F8606 /* App */ = {
			isa = PBXGroup;
			children = (
				671D686624DBE3CB004FDEAC /* AppDelegate.swift */,
				671D686824DBE3CB004FDEAC /* SceneDelegate.swift */,
			);
			path = App;
			sourceTree = "<group>";
		};
		671D685A24DBE3CB004FDEAC = {
			isa = PBXGroup;
			children = (
				671D686524DBE3CB004FDEAC /* PokerApp1 */,
				671D686424DBE3CB004FDEAC /* Products */,
				C8472D12DEB572459DDA66DD /* Pods */,
				A0EFA4F5A19BFCAA9A7B35D8 /* Frameworks */,
			);
			sourceTree = "<group>";
		};
		671D686424DBE3CB004FDEAC /* Products */ = {
			isa = PBXGroup;
			children = (
				671D686324DBE3CB004FDEAC /* Poker Guide.app */,
			);
			name = Products;
			sourceTree = "<group>";
		};
		671D686524DBE3CB004FDEAC /* PokerApp1 */ = {
			isa = PBXGroup;
			children = (
				6780C5F1252B66EE00018C63 /* Service */,
				6780C5F0252B66DE00018C63 /* Storyboard */,
				6708662A251BE830006F8606 /* App */,
				671D689724DC6E93004FDEAC /* Extensions */,
				671D689624DC6E8A004FDEAC /* Models */,
				671D687D24DBF451004FDEAC /* NewsVC */,
				671D68A224DC7712004FDEAC /* NewsBodyVC */,
				671D688024DBF471004FDEAC /* ArticlesVC */,
				671D688124DBF480004FDEAC /* ArticleDetailsVC */,
				671D688424DBF4A4004FDEAC /* VideoLessonsVC */,
				671D688724DBF4CB004FDEAC /* PlayVideoVC */,
				671D689024DBF520004FDEAC /* IntercomVC */,
				671D689324DBF537004FDEAC /* MoreVC */,
				671D687C24DBE5F0004FDEAC /* JSON */,
				671D686F24DBE3D0004FDEAC /* Assets.xcassets */,
				671D687424DBE3D0004FDEAC /* Info.plist */,
			);
			path = PokerApp1;
			sourceTree = "<group>";
		};
		671D687C24DBE5F0004FDEAC /* JSON */ = {
			isa = PBXGroup;
			children = (
				671D687A24DBE3EC004FDEAC /* News.json */,
				671D68A524DD302E004FDEAC /* Articles.json */,
				671D68AD24DDC30C004FDEAC /* Videos.json */,
			);
			path = JSON;
			sourceTree = "<group>";
		};
		671D687D24DBF451004FDEAC /* NewsVC */ = {
			isa = PBXGroup;
			children = (
				671D686A24DBE3CB004FDEAC /* NewsVC.swift */,
				671D688E24DBF518004FDEAC /* NewsCell.swift */,
			);
			path = NewsVC;
			sourceTree = "<group>";
		};
		671D688024DBF471004FDEAC /* ArticlesVC */ = {
			isa = PBXGroup;
			children = (
				671D687E24DBF46E004FDEAC /* ArticlesVC.swift */,
				671D688C24DBF506004FDEAC /* ArticleCell.swift */,
			);
			path = ArticlesVC;
			sourceTree = "<group>";
		};
		671D688124DBF480004FDEAC /* ArticleDetailsVC */ = {
			isa = PBXGroup;
			children = (
				671D688224DBF49E004FDEAC /* ArticleDetailsVC.swift */,
			);
			path = ArticleDetailsVC;
			sourceTree = "<group>";
		};
		671D688424DBF4A4004FDEAC /* VideoLessonsVC */ = {
			isa = PBXGroup;
			children = (
				671D688524DBF4BF004FDEAC /* VideoLessonsVC.swift */,
				671D688A24DBF4F2004FDEAC /* VideoCell.swift */,
			);
			path = VideoLessonsVC;
			sourceTree = "<group>";
		};
		671D688724DBF4CB004FDEAC /* PlayVideoVC */ = {
			isa = PBXGroup;
			children = (
				671D688824DBF4E2004FDEAC /* PlayVideoVC.swift */,
			);
			path = PlayVideoVC;
			sourceTree = "<group>";
		};
		671D689024DBF520004FDEAC /* IntercomVC */ = {
			isa = PBXGroup;
			children = (
				671D689124DBF533004FDEAC /* IntercomVC.swift */,
			);
			path = IntercomVC;
			sourceTree = "<group>";
		};
		671D689324DBF537004FDEAC /* MoreVC */ = {
			isa = PBXGroup;
			children = (
				671D689424DBF547004FDEAC /* MoreVC.swift */,
			);
			path = MoreVC;
			sourceTree = "<group>";
		};
		671D689624DC6E8A004FDEAC /* Models */ = {
			isa = PBXGroup;
			children = (
				671D689A24DC6EA4004FDEAC /* News.swift */,
				671D689C24DC6F24004FDEAC /* Article.swift */,
				671D689E24DC6F2A004FDEAC /* Video.swift */,
			);
			path = Models;
			sourceTree = "<group>";
		};
		671D689724DC6E93004FDEAC /* Extensions */ = {
			isa = PBXGroup;
			children = (
				671D68A024DC74D0004FDEAC /* UIView_Extension.swift */,
				671D68A724DD7672004FDEAC /* UIButton_Extension.swift */,
				671D68A924DD76F7004FDEAC /* UIColor_Extension.swift */,
				671D68AB24DD7710004FDEAC /* UILabel_Extension.swift */,
			);
			path = Extensions;
			sourceTree = "<group>";
		};
		671D68A224DC7712004FDEAC /* NewsBodyVC */ = {
			isa = PBXGroup;
			children = (
				671D68A324DC772C004FDEAC /* NewsBodyVC.swift */,
			);
			path = NewsBodyVC;
			sourceTree = "<group>";
		};
		6780C5F0252B66DE00018C63 /* Storyboard */ = {
			isa = PBXGroup;
			children = (
				671D686C24DBE3CB004FDEAC /* Main.storyboard */,
				671D687124DBE3D0004FDEAC /* LaunchScreen.storyboard */,
			);
			path = Storyboard;
			sourceTree = "<group>";
		};
		6780C5F1252B66EE00018C63 /* Service */ = {
			isa = PBXGroup;
			children = (
				671D689824DC6E9E004FDEAC /* DataLoader.swift */,
				671D68AF24DDCF77004FDEAC /* OnboardingUDcheck.swift */,
			);
			path = Service;
			sourceTree = "<group>";
		};
		A0EFA4F5A19BFCAA9A7B35D8 /* Frameworks */ = {
			isa = PBXGroup;
			children = (
				4D8B8B4F9F790D70A3C0D3AE /* Pods_PokerApp1.framework */,
			);
			name = Frameworks;
			sourceTree = "<group>";
		};
		C8472D12DEB572459DDA66DD /* Pods */ = {
			isa = PBXGroup;
			children = (
				E5FFD43C20D18EC59112BE05 /* Pods-PokerApp1.debug.xcconfig */,
				4B15E59D6E7CE86C01BA9940 /* Pods-PokerApp1.release.xcconfig */,
			);
			path = Pods;
			sourceTree = "<group>";
		};
/* End PBXGroup section */

/* Begin PBXNativeTarget section */
		671D686224DBE3CB004FDEAC /* PokerApp1 */ = {
			isa = PBXNativeTarget;
			buildConfigurationList = 671D687724DBE3D0004FDEAC /* Build configuration list for PBXNativeTarget "PokerApp1" */;
			buildPhases = (
				FDD4B0E3E70A799C5D3CFE8A /* [CP] Check Pods Manifest.lock */,
				671D685F24DBE3CB004FDEAC /* Sources */,
				671D686024DBE3CB004FDEAC /* Frameworks */,
				671D686124DBE3CB004FDEAC /* Resources */,
				7AEC201092366A6740B12400 /* [CP] Embed Pods Frameworks */,
				AB4D94A26905D80A104F0144 /* [CP] Copy Pods Resources */,
			);
			buildRules = (
			);
			dependencies = (
			);
			name = PokerApp1;
			productName = PokerApp1;
			productReference = 671D686324DBE3CB004FDEAC /* Poker Guide.app */;
			productType = "com.apple.product-type.application";
		};
/* End PBXNativeTarget section */

/* Begin PBXProject section */
		671D685B24DBE3CB004FDEAC /* Project object */ = {
			isa = PBXProject;
			attributes = {
				LastSwiftUpdateCheck = 1160;
				LastUpgradeCheck = 1200;
				ORGANIZATIONNAME = "Oleg Eremenko";
				TargetAttributes = {
					671D686224DBE3CB004FDEAC = {
						CreatedOnToolsVersion = 11.6;
					};
				};
			};
			buildConfigurationList = 671D685E24DBE3CB004FDEAC /* Build configuration list for PBXProject "PokerApp1" */;
			compatibilityVersion = "Xcode 9.3";
			developmentRegion = en;
			hasScannedForEncodings = 0;
			knownRegions = (
				en,
				Base,
			);
			mainGroup = 671D685A24DBE3CB004FDEAC;
			productRefGroup = 671D686424DBE3CB004FDEAC /* Products */;
			projectDirPath = "";
			projectRoot = "";
			targets = (
				671D686224DBE3CB004FDEAC /* PokerApp1 */,
			);
		};
/* End PBXProject section */

/* Begin PBXResourcesBuildPhase section */
		671D686124DBE3CB004FDEAC /* Resources */ = {
			isa = PBXResourcesBuildPhase;
			buildActionMask = 2147483647;
			files = (
				671D687324DBE3D0004FDEAC /* LaunchScreen.storyboard in Resources */,
				671D68AE24DDC30C004FDEAC /* Videos.json in Resources */,
				671D68A624DD302E004FDEAC /* Articles.json in Resources */,
				671D687024DBE3D0004FDEAC /* Assets.xcassets in Resources */,
				671D687B24DBE3EC004FDEAC /* News.json in Resources */,
				671D686E24DBE3CB004FDEAC /* Main.storyboard in Resources */,
			);
			runOnlyForDeploymentPostprocessing = 0;
		};
/* End PBXResourcesBuildPhase section */

/* Begin PBXShellScriptBuildPhase section */
		7AEC201092366A6740B12400 /* [CP] Embed Pods Frameworks */ = {
			isa = PBXShellScriptBuildPhase;
			buildActionMask = 2147483647;
			files = (
			);
			inputFileListPaths = (
				"${PODS_ROOT}/Target Support Files/Pods-PokerApp1/Pods-PokerApp1-frameworks-${CONFIGURATION}-input-files.xcfilelist",
			);
			name = "[CP] Embed Pods Frameworks";
			outputFileListPaths = (
				"${PODS_ROOT}/Target Support Files/Pods-PokerApp1/Pods-PokerApp1-frameworks-${CONFIGURATION}-output-files.xcfilelist",
			);
			runOnlyForDeploymentPostprocessing = 0;
			shellPath = /bin/sh;
			shellScript = "\"${PODS_ROOT}/Target Support Files/Pods-PokerApp1/Pods-PokerApp1-frameworks.sh\"\n";
			showEnvVarsInLog = 0;
		};
		AB4D94A26905D80A104F0144 /* [CP] Copy Pods Resources */ = {
			isa = PBXShellScriptBuildPhase;
			buildActionMask = 2147483647;
			files = (
			);
			inputFileListPaths = (
				"${PODS_ROOT}/Target Support Files/Pods-PokerApp1/Pods-PokerApp1-resources-${CONFIGURATION}-input-files.xcfilelist",
			);
			name = "[CP] Copy Pods Resources";
			outputFileListPaths = (
				"${PODS_ROOT}/Target Support Files/Pods-PokerApp1/Pods-PokerApp1-resources-${CONFIGURATION}-output-files.xcfilelist",
			);
			runOnlyForDeploymentPostprocessing = 0;
			shellPath = /bin/sh;
			shellScript = "\"${PODS_ROOT}/Target Support Files/Pods-PokerApp1/Pods-PokerApp1-resources.sh\"\n";
			showEnvVarsInLog = 0;
		};
		FDD4B0E3E70A799C5D3CFE8A /* [CP] Check Pods Manifest.lock */ = {
			isa = PBXShellScriptBuildPhase;
			buildActionMask = 2147483647;
			files = (
			);
			inputFileListPaths = (
			);
			inputPaths = (
				"${PODS_PODFILE_DIR_PATH}/Podfile.lock",
				"${PODS_ROOT}/Manifest.lock",
			);
			name = "[CP] Check Pods Manifest.lock";
			outputFileListPaths = (
			);
			outputPaths = (
				"$(DERIVED_FILE_DIR)/Pods-PokerApp1-checkManifestLockResult.txt",
			);
			runOnlyForDeploymentPostprocessing = 0;
			shellPath = /bin/sh;
			shellScript = "diff \"${PODS_PODFILE_DIR_PATH}/Podfile.lock\" \"${PODS_ROOT}/Manifest.lock\" > /dev/null\nif [ $? != 0 ] ; then\n    # print error to STDERR\n    echo \"error: The sandbox is not in sync with the Podfile.lock. Run 'pod install' or update your CocoaPods installation.\" >&2\n    exit 1\nfi\n# This output is used by Xcode 'outputs' to avoid re-running this script phase.\necho \"SUCCESS\" > \"${SCRIPT_OUTPUT_FILE_0}\"\n";
			showEnvVarsInLog = 0;
		};
/* End PBXShellScriptBuildPhase section */

/* Begin PBXSourcesBuildPhase section */
		671D685F24DBE3CB004FDEAC /* Sources */ = {
			isa = PBXSourcesBuildPhase;
			buildActionMask = 2147483647;
			files = (
				671D686B24DBE3CB004FDEAC /* NewsVC.swift in Sources */,
				671D68A424DC772C004FDEAC /* NewsBodyVC.swift in Sources */,
				671D688B24DBF4F2004FDEAC /* VideoCell.swift in Sources */,
				671D688324DBF49E004FDEAC /* ArticleDetailsVC.swift in Sources */,
				671D68B024DDCF77004FDEAC /* OnboardingUDcheck.swift in Sources */,
				671D688624DBF4BF004FDEAC /* VideoLessonsVC.swift in Sources */,
				671D68A824DD7672004FDEAC /* UIButton_Extension.swift in Sources */,
				671D689B24DC6EA4004FDEAC /* News.swift in Sources */,
				671D688F24DBF518004FDEAC /* NewsCell.swift in Sources */,
				671D688924DBF4E2004FDEAC /* PlayVideoVC.swift in Sources */,
				671D688D24DBF506004FDEAC /* ArticleCell.swift in Sources */,
				671D689524DBF547004FDEAC /* MoreVC.swift in Sources */,
				671D689224DBF533004FDEAC /* IntercomVC.swift in Sources */,
				671D689924DC6E9E004FDEAC /* DataLoader.swift in Sources */,
				671D68AC24DD7710004FDEAC /* UILabel_Extension.swift in Sources */,
				671D686724DBE3CB004FDEAC /* AppDelegate.swift in Sources */,
				671D686924DBE3CB004FDEAC /* SceneDelegate.swift in Sources */,
				671D689F24DC6F2A004FDEAC /* Video.swift in Sources */,
				671D687F24DBF46E004FDEAC /* ArticlesVC.swift in Sources */,
				671D689D24DC6F24004FDEAC /* Article.swift in Sources */,
				671D68A124DC74D0004FDEAC /* UIView_Extension.swift in Sources */,
				671D68AA24DD76F7004FDEAC /* UIColor_Extension.swift in Sources */,
			);
			runOnlyForDeploymentPostprocessing = 0;
		};
/* End PBXSourcesBuildPhase section */

/* Begin PBXVariantGroup section */
		671D686C24DBE3CB004FDEAC /* Main.storyboard */ = {
			isa = PBXVariantGroup;
			children = (
				671D686D24DBE3CB004FDEAC /* Base */,
			);
			name = Main.storyboard;
			sourceTree = "<group>";
		};
		671D687124DBE3D0004FDEAC /* LaunchScreen.storyboard */ = {
			isa = PBXVariantGroup;
			children = (
				671D687224DBE3D0004FDEAC /* Base */,
			);
			name = LaunchScreen.storyboard;
			sourceTree = "<group>";
		};
/* End PBXVariantGroup section */

/* Begin XCBuildConfiguration section */
		671D687524DBE3D0004FDEAC /* Debug */ = {
			isa = XCBuildConfiguration;
			buildSettings = {
				ALWAYS_SEARCH_USER_PATHS = NO;
				CLANG_ANALYZER_NONNULL = YES;
				CLANG_ANALYZER_NUMBER_OBJECT_CONVERSION = YES_AGGRESSIVE;
				CLANG_CXX_LANGUAGE_STANDARD = "gnu++14";
				CLANG_CXX_LIBRARY = "libc++";
				CLANG_ENABLE_MODULES = YES;
				CLANG_ENABLE_OBJC_ARC = YES;
				CLANG_ENABLE_OBJC_WEAK = YES;
				CLANG_WARN_BLOCK_CAPTURE_AUTORELEASING = YES;
				CLANG_WARN_BOOL_CONVERSION = YES;
				CLANG_WARN_COMMA = YES;
				CLANG_WARN_CONSTANT_CONVERSION = YES;
				CLANG_WARN_DEPRECATED_OBJC_IMPLEMENTATIONS = YES;
				CLANG_WARN_DIRECT_OBJC_ISA_USAGE = YES_ERROR;
				CLANG_WARN_DOCUMENTATION_COMMENTS = YES;
				CLANG_WARN_EMPTY_BODY = YES;
				CLANG_WARN_ENUM_CONVERSION = YES;
				CLANG_WARN_INFINITE_RECURSION = YES;
				CLANG_WARN_INT_CONVERSION = YES;
				CLANG_WARN_NON_LITERAL_NULL_CONVERSION = YES;
				CLANG_WARN_OBJC_IMPLICIT_RETAIN_SELF = YES;
				CLANG_WARN_OBJC_LITERAL_CONVERSION = YES;
				CLANG_WARN_OBJC_ROOT_CLASS = YES_ERROR;
				CLANG_WARN_QUOTED_INCLUDE_IN_FRAMEWORK_HEADER = YES;
				CLANG_WARN_RANGE_LOOP_ANALYSIS = YES;
				CLANG_WARN_STRICT_PROTOTYPES = YES;
				CLANG_WARN_SUSPICIOUS_MOVE = YES;
				CLANG_WARN_UNGUARDED_AVAILABILITY = YES_AGGRESSIVE;
				CLANG_WARN_UNREACHABLE_CODE = YES;
				CLANG_WARN__DUPLICATE_METHOD_MATCH = YES;
				COPY_PHASE_STRIP = NO;
				DEBUG_INFORMATION_FORMAT = dwarf;
				ENABLE_STRICT_OBJC_MSGSEND = YES;
				ENABLE_TESTABILITY = YES;
				GCC_C_LANGUAGE_STANDARD = gnu11;
				GCC_DYNAMIC_NO_PIC = NO;
				GCC_NO_COMMON_BLOCKS = YES;
				GCC_OPTIMIZATION_LEVEL = 0;
				GCC_PREPROCESSOR_DEFINITIONS = (
					"DEBUG=1",
					"$(inherited)",
				);
				GCC_WARN_64_TO_32_BIT_CONVERSION = YES;
				GCC_WARN_ABOUT_RETURN_TYPE = YES_ERROR;
				GCC_WARN_UNDECLARED_SELECTOR = YES;
				GCC_WARN_UNINITIALIZED_AUTOS = YES_AGGRESSIVE;
				GCC_WARN_UNUSED_FUNCTION = YES;
				GCC_WARN_UNUSED_VARIABLE = YES;
				IPHONEOS_DEPLOYMENT_TARGET = 14.0;
				MTL_ENABLE_DEBUG_INFO = INCLUDE_SOURCE;
				MTL_FAST_MATH = YES;
				ONLY_ACTIVE_ARCH = YES;
				SDKROOT = iphoneos;
				SWIFT_ACTIVE_COMPILATION_CONDITIONS = DEBUG;
				SWIFT_OPTIMIZATION_LEVEL = "-Onone";
			};
			name = Debug;
		};
		671D687624DBE3D0004FDEAC /* Release */ = {
			isa = XCBuildConfiguration;
			buildSettings = {
				ALWAYS_SEARCH_USER_PATHS = NO;
				CLANG_ANALYZER_NONNULL = YES;
				CLANG_ANALYZER_NUMBER_OBJECT_CONVERSION = YES_AGGRESSIVE;
				CLANG_CXX_LANGUAGE_STANDARD = "gnu++14";
				CLANG_CXX_LIBRARY = "libc++";
				CLANG_ENABLE_MODULES = YES;
				CLANG_ENABLE_OBJC_ARC = YES;
				CLANG_ENABLE_OBJC_WEAK = YES;
				CLANG_WARN_BLOCK_CAPTURE_AUTORELEASING = YES;
				CLANG_WARN_BOOL_CONVERSION = YES;
				CLANG_WARN_COMMA = YES;
				CLANG_WARN_CONSTANT_CONVERSION = YES;
				CLANG_WARN_DEPRECATED_OBJC_IMPLEMENTATIONS = YES;
				CLANG_WARN_DIRECT_OBJC_ISA_USAGE = YES_ERROR;
				CLANG_WARN_DOCUMENTATION_COMMENTS = YES;
				CLANG_WARN_EMPTY_BODY = YES;
				CLANG_WARN_ENUM_CONVERSION = YES;
				CLANG_WARN_INFINITE_RECURSION = YES;
				CLANG_WARN_INT_CONVERSION = YES;
				CLANG_WARN_NON_LITERAL_NULL_CONVERSION = YES;
				CLANG_WARN_OBJC_IMPLICIT_RETAIN_SELF = YES;
				CLANG_WARN_OBJC_LITERAL_CONVERSION = YES;
				CLANG_WARN_OBJC_ROOT_CLASS = YES_ERROR;
				CLANG_WARN_QUOTED_INCLUDE_IN_FRAMEWORK_HEADER = YES;
				CLANG_WARN_RANGE_LOOP_ANALYSIS = YES;
				CLANG_WARN_STRICT_PROTOTYPES = YES;
				CLANG_WARN_SUSPICIOUS_MOVE = YES;
				CLANG_WARN_UNGUARDED_AVAILABILITY = YES_AGGRESSIVE;
				CLANG_WARN_UNREACHABLE_CODE = YES;
				CLANG_WARN__DUPLICATE_METHOD_MATCH = YES;
				COPY_PHASE_STRIP = NO;
				DEBUG_INFORMATION_FORMAT = "dwarf-with-dsym";
				ENABLE_NS_ASSERTIONS = NO;
				ENABLE_STRICT_OBJC_MSGSEND = YES;
				GCC_C_LANGUAGE_STANDARD = gnu11;
				GCC_NO_COMMON_BLOCKS = YES;
				GCC_WARN_64_TO_32_BIT_CONVERSION = YES;
				GCC_WARN_ABOUT_RETURN_TYPE = YES_ERROR;
				GCC_WARN_UNDECLARED_SELECTOR = YES;
				GCC_WARN_UNINITIALIZED_AUTOS = YES_AGGRESSIVE;
				GCC_WARN_UNUSED_FUNCTION = YES;
				GCC_WARN_UNUSED_VARIABLE = YES;
				IPHONEOS_DEPLOYMENT_TARGET = 14.0;
				MTL_ENABLE_DEBUG_INFO = NO;
				MTL_FAST_MATH = YES;
				SDKROOT = iphoneos;
				SWIFT_COMPILATION_MODE = wholemodule;
				SWIFT_OPTIMIZATION_LEVEL = "-O";
				VALIDATE_PRODUCT = YES;
			};
			name = Release;
		};
		671D687824DBE3D0004FDEAC /* Debug */ = {
			isa = XCBuildConfiguration;
			baseConfigurationReference = E5FFD43C20D18EC59112BE05 /* Pods-PokerApp1.debug.xcconfig */;
			buildSettings = {
				ASSETCATALOG_COMPILER_APPICON_NAME = AppIcon;
				CODE_SIGN_STYLE = Automatic;
				DEVELOPMENT_TEAM = 3PHS45582J;
				INFOPLIST_FILE = PokerApp1/Info.plist;
				IPHONEOS_DEPLOYMENT_TARGET = 12.0;
				LD_RUNPATH_SEARCH_PATHS = (
					"$(inherited)",
					"@executable_path/Frameworks",
				);
				PRODUCT_BUNDLE_IDENTIFIER = com.oleg991.PokerApp1;
				PRODUCT_NAME = "Poker Guide";
				SWIFT_VERSION = 5.0;
				TARGETED_DEVICE_FAMILY = 1;
			};
			name = Debug;
		};
		671D687924DBE3D0004FDEAC /* Release */ = {
			isa = XCBuildConfiguration;
			baseConfigurationReference = 4B15E59D6E7CE86C01BA9940 /* Pods-PokerApp1.release.xcconfig */;
			buildSettings = {
				ASSETCATALOG_COMPILER_APPICON_NAME = AppIcon;
				CODE_SIGN_STYLE = Automatic;
				DEVELOPMENT_TEAM = 3PHS45582J;
				INFOPLIST_FILE = PokerApp1/Info.plist;
				IPHONEOS_DEPLOYMENT_TARGET = 12.0;
				LD_RUNPATH_SEARCH_PATHS = (
					"$(inherited)",
					"@executable_path/Frameworks",
				);
				PRODUCT_BUNDLE_IDENTIFIER = com.oleg991.PokerApp1;
				PRODUCT_NAME = "Poker Guide";
				SWIFT_VERSION = 5.0;
				TARGETED_DEVICE_FAMILY = 1;
			};
			name = Release;
		};
/* End XCBuildConfiguration section */

/* Begin XCConfigurationList section */
		671D685E24DBE3CB004FDEAC /* Build configuration list for PBXProject "PokerApp1" */ = {
			isa = XCConfigurationList;
			buildConfigurations = (
				671D687524DBE3D0004FDEAC /* Debug */,
				671D687624DBE3D0004FDEAC /* Release */,
			);
			defaultConfigurationIsVisible = 0;
			defaultConfigurationName = Release;
		};
		671D687724DBE3D0004FDEAC /* Build configuration list for PBXNativeTarget "PokerApp1" */ = {
			isa = XCConfigurationList;
			buildConfigurations = (
				671D687824DBE3D0004FDEAC /* Debug */,
				671D687924DBE3D0004FDEAC /* Release */,
			);
			defaultConfigurationIsVisible = 0;
			defaultConfigurationName = Release;
		};
/* End XCConfigurationList section */
	};
	rootObject = 671D685B24DBE3CB004FDEAC /* Project object */;
}
